// !$*UTF8*$!
{
	archiveVersion = 1;
	classes = {
	};
	objectVersion = 51;
	objects = {

/* Begin PBXBuildFile section */
		191B53A2F7E4720B67D1AEFB /* Pods_BookerManager.framework in Frameworks */ = {isa = PBXBuildFile; fileRef = 1E9A81B7107AC51FB8A4BA50 /* Pods_BookerManager.framework */; };
		AC08246024DA4684006F0072 /* DefaultSettingsController.swift in Sources */ = {isa = PBXBuildFile; fileRef = AC08245F24DA4684006F0072 /* DefaultSettingsController.swift */; };
		AC08246224DA468C006F0072 /* DefaultSettingsView.swift in Sources */ = {isa = PBXBuildFile; fileRef = AC08246124DA468C006F0072 /* DefaultSettingsView.swift */; };
		AC08246424DA4694006F0072 /* SettingsProtocols.swift in Sources */ = {isa = PBXBuildFile; fileRef = AC08246324DA4694006F0072 /* SettingsProtocols.swift */; };
		AC08246624DA4CE0006F0072 /* SwitchView.swift in Sources */ = {isa = PBXBuildFile; fileRef = AC08246524DA4CE0006F0072 /* SwitchView.swift */; };
		AC08246C24DA4EE0006F0072 /* ChevronCellView.swift in Sources */ = {isa = PBXBuildFile; fileRef = AC08246B24DA4EE0006F0072 /* ChevronCellView.swift */; };
		AC09D56A24E81719003D12D6 /* AuthService.swift in Sources */ = {isa = PBXBuildFile; fileRef = AC09D56924E81719003D12D6 /* AuthService.swift */; };
		AC12616B24E378770092D627 /* GoogleService-Info.plist in Resources */ = {isa = PBXBuildFile; fileRef = AC12616A24E378770092D627 /* GoogleService-Info.plist */; };
		AC1749F4250D99BE00FB7702 /* Order.swift in Sources */ = {isa = PBXBuildFile; fileRef = AC1749F3250D99BE00FB7702 /* Order.swift */; };
		AC1749F6250D9AF300FB7702 /* OrdersService.swift in Sources */ = {isa = PBXBuildFile; fileRef = AC1749F5250D9AF300FB7702 /* OrdersService.swift */; };
		AC1749F9250D9C7100FB7702 /* UserInfoService.swift in Sources */ = {isa = PBXBuildFile; fileRef = AC1749F8250D9C7100FB7702 /* UserInfoService.swift */; };
		AC1749FC250DA9AE00FB7702 /* DateExtensions.swift in Sources */ = {isa = PBXBuildFile; fileRef = AC1749FB250DA9AE00FB7702 /* DateExtensions.swift */; };
		AC3C7E0524D307BA00B83252 /* AppDelegate.swift in Sources */ = {isa = PBXBuildFile; fileRef = AC3C7E0424D307BA00B83252 /* AppDelegate.swift */; };
		AC3C7E0724D307BA00B83252 /* SceneDelegate.swift in Sources */ = {isa = PBXBuildFile; fileRef = AC3C7E0624D307BA00B83252 /* SceneDelegate.swift */; };
		AC3C7E0E24D307BA00B83252 /* Assets.xcassets in Resources */ = {isa = PBXBuildFile; fileRef = AC3C7E0D24D307BA00B83252 /* Assets.xcassets */; };
		AC3C7E1124D307BA00B83252 /* LaunchScreen.storyboard in Resources */ = {isa = PBXBuildFile; fileRef = AC3C7E0F24D307BA00B83252 /* LaunchScreen.storyboard */; };
		AC3C7E1C24D3084E00B83252 /* DefaultOrdersController.swift in Sources */ = {isa = PBXBuildFile; fileRef = AC3C7E1B24D3084E00B83252 /* DefaultOrdersController.swift */; };
		AC3C7E1E24D3085A00B83252 /* DefaultOrdersView.swift in Sources */ = {isa = PBXBuildFile; fileRef = AC3C7E1D24D3085A00B83252 /* DefaultOrdersView.swift */; };
		AC3C7E2024D3086400B83252 /* OrdersProtocols.swift in Sources */ = {isa = PBXBuildFile; fileRef = AC3C7E1F24D3086400B83252 /* OrdersProtocols.swift */; };
		AC3C7E2324D3098000B83252 /* Colors.swift in Sources */ = {isa = PBXBuildFile; fileRef = AC3C7E2224D3098000B83252 /* Colors.swift */; };
		AC3C7E2624D30AF000B83252 /* BMNavigationController.swift in Sources */ = {isa = PBXBuildFile; fileRef = AC3C7E2524D30AF000B83252 /* BMNavigationController.swift */; };
		AC3C7E2824D30DFE00B83252 /* BMTabBarController.swift in Sources */ = {isa = PBXBuildFile; fileRef = AC3C7E2724D30DFE00B83252 /* BMTabBarController.swift */; };
		AC3C7E2B24D3107D00B83252 /* OrderCell.swift in Sources */ = {isa = PBXBuildFile; fileRef = AC3C7E2A24D3107D00B83252 /* OrderCell.swift */; };
		AC3C7E2D24D3128900B83252 /* Fonts.swift in Sources */ = {isa = PBXBuildFile; fileRef = AC3C7E2C24D3128900B83252 /* Fonts.swift */; };
		AC3C7E2F24D3165B00B83252 /* OrderItem.swift in Sources */ = {isa = PBXBuildFile; fileRef = AC3C7E2E24D3165B00B83252 /* OrderItem.swift */; };
		AC3C7E3224D3170D00B83252 /* OrderState.swift in Sources */ = {isa = PBXBuildFile; fileRef = AC3C7E3124D3170D00B83252 /* OrderState.swift */; };
		AC7D336224D91ED200726008 /* String+Extensions.swift in Sources */ = {isa = PBXBuildFile; fileRef = AC7D336124D91ED200726008 /* String+Extensions.swift */; };
		AC9BC19324D919560028E68C /* PromotionProtocols.swift in Sources */ = {isa = PBXBuildFile; fileRef = AC9BC19224D919560028E68C /* PromotionProtocols.swift */; };
		AC9BC19524D919820028E68C /* DefaultNewPromotionView.swift in Sources */ = {isa = PBXBuildFile; fileRef = AC9BC19424D919820028E68C /* DefaultNewPromotionView.swift */; };
		AC9BC19724D919D80028E68C /* DefaultNewPromotionController.swift in Sources */ = {isa = PBXBuildFile; fileRef = AC9BC19624D919D80028E68C /* DefaultNewPromotionController.swift */; };
		AC9BC19924D91B4D0028E68C /* Promotion.swift in Sources */ = {isa = PBXBuildFile; fileRef = AC9BC19824D91B4D0028E68C /* Promotion.swift */; };
		AC9BC19D24D91D6B0028E68C /* PhoneTitlableTextField.swift in Sources */ = {isa = PBXBuildFile; fileRef = AC9BC19A24D91D6B0028E68C /* PhoneTitlableTextField.swift */; };
		AC9BC19E24D91D6B0028E68C /* ShadowTitlableTextField.swift in Sources */ = {isa = PBXBuildFile; fileRef = AC9BC19B24D91D6B0028E68C /* ShadowTitlableTextField.swift */; };
		AC9BC19F24D91D6B0028E68C /* TitlableTextField.swift in Sources */ = {isa = PBXBuildFile; fileRef = AC9BC19C24D91D6B0028E68C /* TitlableTextField.swift */; };
		ACC2CFA624D8EF5200B218FD /* PromotionCell.swift in Sources */ = {isa = PBXBuildFile; fileRef = ACC2CFA524D8EF5200B218FD /* PromotionCell.swift */; };
		ACC2CFAC24D8F0D400B218FD /* DefaultPromotionsListView.swift in Sources */ = {isa = PBXBuildFile; fileRef = ACC2CFA824D8F0D400B218FD /* DefaultPromotionsListView.swift */; };
		ACC2CFAD24D8F0D400B218FD /* DefaultPromotionsListController.swift in Sources */ = {isa = PBXBuildFile; fileRef = ACC2CFA924D8F0D400B218FD /* DefaultPromotionsListController.swift */; };
		ACC2CFAE24D8F0D400B218FD /* PromotionsListProtocols.swift in Sources */ = {isa = PBXBuildFile; fileRef = ACC2CFAA24D8F0D400B218FD /* PromotionsListProtocols.swift */; };
		ACC2CFAF24D8F0D400B218FD /* PromotionItem.swift in Sources */ = {isa = PBXBuildFile; fileRef = ACC2CFAB24D8F0D400B218FD /* PromotionItem.swift */; };
		ACCB515E24DC8A080007A400 /* DefaultEnterPhoneController.swift in Sources */ = {isa = PBXBuildFile; fileRef = ACCB515824DC8A080007A400 /* DefaultEnterPhoneController.swift */; };
		ACCB515F24DC8A080007A400 /* EnterPhoneProtocols.swift in Sources */ = {isa = PBXBuildFile; fileRef = ACCB515924DC8A080007A400 /* EnterPhoneProtocols.swift */; };
		ACCB516024DC8A080007A400 /* DefaultEnterPhoneView.swift in Sources */ = {isa = PBXBuildFile; fileRef = ACCB515A24DC8A080007A400 /* DefaultEnterPhoneView.swift */; };
		ACCB516324DC8A5F0007A400 /* AlertManager.swift in Sources */ = {isa = PBXBuildFile; fileRef = ACCB516224DC8A5F0007A400 /* AlertManager.swift */; };
		ACCB516524DC8AA10007A400 /* SimpleAlertController.swift in Sources */ = {isa = PBXBuildFile; fileRef = ACCB516424DC8AA10007A400 /* SimpleAlertController.swift */; };
		ACCE4E1624D36D51007369A0 /* TypeAlertController.swift in Sources */ = {isa = PBXBuildFile; fileRef = ACCE4E1524D36D51007369A0 /* TypeAlertController.swift */; };
		ACCE4E1924D37008007369A0 /* BMButton.swift in Sources */ = {isa = PBXBuildFile; fileRef = ACCE4E1824D37008007369A0 /* BMButton.swift */; };
		ACDAE7FB24D9295F007F2535 /* CreatingPromotion.swift in Sources */ = {isa = PBXBuildFile; fileRef = ACDAE7FA24D9295F007F2535 /* CreatingPromotion.swift */; };
		ACDAE7FE24D932BE007F2535 /* ImagePicker.swift in Sources */ = {isa = PBXBuildFile; fileRef = ACDAE7FD24D932BE007F2535 /* ImagePicker.swift */; };
/* End PBXBuildFile section */

/* Begin PBXFileReference section */
		1E9A81B7107AC51FB8A4BA50 /* Pods_BookerManager.framework */ = {isa = PBXFileReference; explicitFileType = wrapper.framework; includeInIndex = 0; path = Pods_BookerManager.framework; sourceTree = BUILT_PRODUCTS_DIR; };
		A9F49EF67C4AD9791400A875 /* Pods-BookerManager.debug.xcconfig */ = {isa = PBXFileReference; includeInIndex = 1; lastKnownFileType = text.xcconfig; name = "Pods-BookerManager.debug.xcconfig"; path = "Target Support Files/Pods-BookerManager/Pods-BookerManager.debug.xcconfig"; sourceTree = "<group>"; };
		AC08245F24DA4684006F0072 /* DefaultSettingsController.swift */ = {isa = PBXFileReference; lastKnownFileType = sourcecode.swift; path = DefaultSettingsController.swift; sourceTree = "<group>"; };
		AC08246124DA468C006F0072 /* DefaultSettingsView.swift */ = {isa = PBXFileReference; lastKnownFileType = sourcecode.swift; path = DefaultSettingsView.swift; sourceTree = "<group>"; };
		AC08246324DA4694006F0072 /* SettingsProtocols.swift */ = {isa = PBXFileReference; lastKnownFileType = sourcecode.swift; path = SettingsProtocols.swift; sourceTree = "<group>"; };
		AC08246524DA4CE0006F0072 /* SwitchView.swift */ = {isa = PBXFileReference; lastKnownFileType = sourcecode.swift; path = SwitchView.swift; sourceTree = "<group>"; };
		AC08246B24DA4EE0006F0072 /* ChevronCellView.swift */ = {isa = PBXFileReference; lastKnownFileType = sourcecode.swift; path = ChevronCellView.swift; sourceTree = "<group>"; };
		AC09D56924E81719003D12D6 /* AuthService.swift */ = {isa = PBXFileReference; lastKnownFileType = sourcecode.swift; path = AuthService.swift; sourceTree = "<group>"; };
		AC09D56B24E81B5E003D12D6 /* BookerManager.entitlements */ = {isa = PBXFileReference; lastKnownFileType = text.plist.entitlements; path = BookerManager.entitlements; sourceTree = "<group>"; };
		AC12616A24E378770092D627 /* GoogleService-Info.plist */ = {isa = PBXFileReference; fileEncoding = 4; lastKnownFileType = text.plist.xml; path = "GoogleService-Info.plist"; sourceTree = "<group>"; };
		AC1749F3250D99BE00FB7702 /* Order.swift */ = {isa = PBXFileReference; lastKnownFileType = sourcecode.swift; path = Order.swift; sourceTree = "<group>"; };
		AC1749F5250D9AF300FB7702 /* OrdersService.swift */ = {isa = PBXFileReference; lastKnownFileType = sourcecode.swift; path = OrdersService.swift; sourceTree = "<group>"; };
		AC1749F8250D9C7100FB7702 /* UserInfoService.swift */ = {isa = PBXFileReference; lastKnownFileType = sourcecode.swift; path = UserInfoService.swift; sourceTree = "<group>"; };
		AC1749FB250DA9AE00FB7702 /* DateExtensions.swift */ = {isa = PBXFileReference; lastKnownFileType = sourcecode.swift; path = DateExtensions.swift; sourceTree = "<group>"; };
		AC3C7E0124D307BA00B83252 /* BookerManager.app */ = {isa = PBXFileReference; explicitFileType = wrapper.application; includeInIndex = 0; path = BookerManager.app; sourceTree = BUILT_PRODUCTS_DIR; };
		AC3C7E0424D307BA00B83252 /* AppDelegate.swift */ = {isa = PBXFileReference; lastKnownFileType = sourcecode.swift; path = AppDelegate.swift; sourceTree = "<group>"; };
		AC3C7E0624D307BA00B83252 /* SceneDelegate.swift */ = {isa = PBXFileReference; lastKnownFileType = sourcecode.swift; path = SceneDelegate.swift; sourceTree = "<group>"; };
		AC3C7E0D24D307BA00B83252 /* Assets.xcassets */ = {isa = PBXFileReference; lastKnownFileType = folder.assetcatalog; path = Assets.xcassets; sourceTree = "<group>"; };
		AC3C7E1024D307BA00B83252 /* Base */ = {isa = PBXFileReference; lastKnownFileType = file.storyboard; name = Base; path = Base.lproj/LaunchScreen.storyboard; sourceTree = "<group>"; };
		AC3C7E1224D307BA00B83252 /* Info.plist */ = {isa = PBXFileReference; lastKnownFileType = text.plist.xml; path = Info.plist; sourceTree = "<group>"; };
		AC3C7E1B24D3084E00B83252 /* DefaultOrdersController.swift */ = {isa = PBXFileReference; lastKnownFileType = sourcecode.swift; path = DefaultOrdersController.swift; sourceTree = "<group>"; };
		AC3C7E1D24D3085A00B83252 /* DefaultOrdersView.swift */ = {isa = PBXFileReference; lastKnownFileType = sourcecode.swift; path = DefaultOrdersView.swift; sourceTree = "<group>"; };
		AC3C7E1F24D3086400B83252 /* OrdersProtocols.swift */ = {isa = PBXFileReference; lastKnownFileType = sourcecode.swift; path = OrdersProtocols.swift; sourceTree = "<group>"; };
		AC3C7E2224D3098000B83252 /* Colors.swift */ = {isa = PBXFileReference; lastKnownFileType = sourcecode.swift; path = Colors.swift; sourceTree = "<group>"; };
		AC3C7E2524D30AF000B83252 /* BMNavigationController.swift */ = {isa = PBXFileReference; lastKnownFileType = sourcecode.swift; path = BMNavigationController.swift; sourceTree = "<group>"; };
		AC3C7E2724D30DFE00B83252 /* BMTabBarController.swift */ = {isa = PBXFileReference; lastKnownFileType = sourcecode.swift; path = BMTabBarController.swift; sourceTree = "<group>"; };
		AC3C7E2A24D3107D00B83252 /* OrderCell.swift */ = {isa = PBXFileReference; lastKnownFileType = sourcecode.swift; path = OrderCell.swift; sourceTree = "<group>"; };
		AC3C7E2C24D3128900B83252 /* Fonts.swift */ = {isa = PBXFileReference; lastKnownFileType = sourcecode.swift; path = Fonts.swift; sourceTree = "<group>"; };
		AC3C7E2E24D3165B00B83252 /* OrderItem.swift */ = {isa = PBXFileReference; lastKnownFileType = sourcecode.swift; path = OrderItem.swift; sourceTree = "<group>"; };
		AC3C7E3124D3170D00B83252 /* OrderState.swift */ = {isa = PBXFileReference; lastKnownFileType = sourcecode.swift; path = OrderState.swift; sourceTree = "<group>"; };
		AC7D336124D91ED200726008 /* String+Extensions.swift */ = {isa = PBXFileReference; lastKnownFileType = sourcecode.swift; path = "String+Extensions.swift"; sourceTree = "<group>"; };
		AC9BC19224D919560028E68C /* PromotionProtocols.swift */ = {isa = PBXFileReference; lastKnownFileType = sourcecode.swift; path = PromotionProtocols.swift; sourceTree = "<group>"; };
		AC9BC19424D919820028E68C /* DefaultNewPromotionView.swift */ = {isa = PBXFileReference; lastKnownFileType = sourcecode.swift; path = DefaultNewPromotionView.swift; sourceTree = "<group>"; };
		AC9BC19624D919D80028E68C /* DefaultNewPromotionController.swift */ = {isa = PBXFileReference; lastKnownFileType = sourcecode.swift; path = DefaultNewPromotionController.swift; sourceTree = "<group>"; };
		AC9BC19824D91B4D0028E68C /* Promotion.swift */ = {isa = PBXFileReference; lastKnownFileType = sourcecode.swift; path = Promotion.swift; sourceTree = "<group>"; };
		AC9BC19A24D91D6B0028E68C /* PhoneTitlableTextField.swift */ = {isa = PBXFileReference; fileEncoding = 4; lastKnownFileType = sourcecode.swift; path = PhoneTitlableTextField.swift; sourceTree = "<group>"; };
		AC9BC19B24D91D6B0028E68C /* ShadowTitlableTextField.swift */ = {isa = PBXFileReference; fileEncoding = 4; lastKnownFileType = sourcecode.swift; path = ShadowTitlableTextField.swift; sourceTree = "<group>"; };
		AC9BC19C24D91D6B0028E68C /* TitlableTextField.swift */ = {isa = PBXFileReference; fileEncoding = 4; lastKnownFileType = sourcecode.swift; path = TitlableTextField.swift; sourceTree = "<group>"; };
		ACC2CFA524D8EF5200B218FD /* PromotionCell.swift */ = {isa = PBXFileReference; lastKnownFileType = sourcecode.swift; path = PromotionCell.swift; sourceTree = "<group>"; };
		ACC2CFA824D8F0D400B218FD /* DefaultPromotionsListView.swift */ = {isa = PBXFileReference; fileEncoding = 4; lastKnownFileType = sourcecode.swift; path = DefaultPromotionsListView.swift; sourceTree = "<group>"; };
		ACC2CFA924D8F0D400B218FD /* DefaultPromotionsListController.swift */ = {isa = PBXFileReference; fileEncoding = 4; lastKnownFileType = sourcecode.swift; path = DefaultPromotionsListController.swift; sourceTree = "<group>"; };
		ACC2CFAA24D8F0D400B218FD /* PromotionsListProtocols.swift */ = {isa = PBXFileReference; fileEncoding = 4; lastKnownFileType = sourcecode.swift; path = PromotionsListProtocols.swift; sourceTree = "<group>"; };
		ACC2CFAB24D8F0D400B218FD /* PromotionItem.swift */ = {isa = PBXFileReference; fileEncoding = 4; lastKnownFileType = sourcecode.swift; path = PromotionItem.swift; sourceTree = "<group>"; };
		ACCB515824DC8A080007A400 /* DefaultEnterPhoneController.swift */ = {isa = PBXFileReference; fileEncoding = 4; lastKnownFileType = sourcecode.swift; path = DefaultEnterPhoneController.swift; sourceTree = "<group>"; };
		ACCB515924DC8A080007A400 /* EnterPhoneProtocols.swift */ = {isa = PBXFileReference; fileEncoding = 4; lastKnownFileType = sourcecode.swift; path = EnterPhoneProtocols.swift; sourceTree = "<group>"; };
		ACCB515A24DC8A080007A400 /* DefaultEnterPhoneView.swift */ = {isa = PBXFileReference; fileEncoding = 4; lastKnownFileType = sourcecode.swift; path = DefaultEnterPhoneView.swift; sourceTree = "<group>"; };
		ACCB516224DC8A5F0007A400 /* AlertManager.swift */ = {isa = PBXFileReference; fileEncoding = 4; lastKnownFileType = sourcecode.swift; path = AlertManager.swift; sourceTree = "<group>"; };
		ACCB516424DC8AA10007A400 /* SimpleAlertController.swift */ = {isa = PBXFileReference; fileEncoding = 4; lastKnownFileType = sourcecode.swift; path = SimpleAlertController.swift; sourceTree = "<group>"; };
		ACCE4E1524D36D51007369A0 /* TypeAlertController.swift */ = {isa = PBXFileReference; lastKnownFileType = sourcecode.swift; path = TypeAlertController.swift; sourceTree = "<group>"; };
		ACCE4E1824D37008007369A0 /* BMButton.swift */ = {isa = PBXFileReference; lastKnownFileType = sourcecode.swift; path = BMButton.swift; sourceTree = "<group>"; };
		ACDAE7FA24D9295F007F2535 /* CreatingPromotion.swift */ = {isa = PBXFileReference; lastKnownFileType = sourcecode.swift; path = CreatingPromotion.swift; sourceTree = "<group>"; };
		ACDAE7FD24D932BE007F2535 /* ImagePicker.swift */ = {isa = PBXFileReference; lastKnownFileType = sourcecode.swift; path = ImagePicker.swift; sourceTree = "<group>"; };
		D9CB703FC4705516DE75DFDF /* Pods-BookerManager.release.xcconfig */ = {isa = PBXFileReference; includeInIndex = 1; lastKnownFileType = text.xcconfig; name = "Pods-BookerManager.release.xcconfig"; path = "Target Support Files/Pods-BookerManager/Pods-BookerManager.release.xcconfig"; sourceTree = "<group>"; };
/* End PBXFileReference section */

/* Begin PBXFrameworksBuildPhase section */
		AC3C7DFE24D307BA00B83252 /* Frameworks */ = {
			isa = PBXFrameworksBuildPhase;
			buildActionMask = 2147483647;
			files = (
				191B53A2F7E4720B67D1AEFB /* Pods_BookerManager.framework in Frameworks */,
			);
			runOnlyForDeploymentPostprocessing = 0;
		};
/* End PBXFrameworksBuildPhase section */

/* Begin PBXGroup section */
		22C99175BFCA66C5E819E744 /* Frameworks */ = {
			isa = PBXGroup;
			children = (
				1E9A81B7107AC51FB8A4BA50 /* Pods_BookerManager.framework */,
			);
			name = Frameworks;
			sourceTree = "<group>";
		};
		9AB05BAE41C95DEA25F4B1F0 /* Pods */ = {
			isa = PBXGroup;
			children = (
				A9F49EF67C4AD9791400A875 /* Pods-BookerManager.debug.xcconfig */,
				D9CB703FC4705516DE75DFDF /* Pods-BookerManager.release.xcconfig */,
			);
			path = Pods;
			sourceTree = "<group>";
		};
		AC08245E24DA4665006F0072 /* Settings */ = {
			isa = PBXGroup;
			children = (
				AC08245F24DA4684006F0072 /* DefaultSettingsController.swift */,
				AC08246124DA468C006F0072 /* DefaultSettingsView.swift */,
				AC08246324DA4694006F0072 /* SettingsProtocols.swift */,
			);
			path = Settings;
			sourceTree = "<group>";
		};
		AC09D56824E816F5003D12D6 /* NetworkServices */ = {
			isa = PBXGroup;
			children = (
				AC09D56924E81719003D12D6 /* AuthService.swift */,
				AC1749F5250D9AF300FB7702 /* OrdersService.swift */,
			);
			path = NetworkServices;
			sourceTree = "<group>";
		};
		AC1749F2250D99A600FB7702 /* NetworkEntities */ = {
			isa = PBXGroup;
			children = (
				AC1749F3250D99BE00FB7702 /* Order.swift */,
			);
			path = NetworkEntities;
			sourceTree = "<group>";
		};
		AC1749F7250D9C5900FB7702 /* LocalDBServices */ = {
			isa = PBXGroup;
			children = (
				AC1749F8250D9C7100FB7702 /* UserInfoService.swift */,
			);
			path = LocalDBServices;
			sourceTree = "<group>";
		};
		AC1749FA250DA99D00FB7702 /* Extensions */ = {
			isa = PBXGroup;
			children = (
				AC1749FB250DA9AE00FB7702 /* DateExtensions.swift */,
			);
			path = Extensions;
			sourceTree = "<group>";
		};
		AC3C7DF824D307BA00B83252 = {
			isa = PBXGroup;
			children = (
				AC3C7E0324D307BA00B83252 /* BookerManager */,
				AC3C7E0224D307BA00B83252 /* Products */,
				9AB05BAE41C95DEA25F4B1F0 /* Pods */,
				22C99175BFCA66C5E819E744 /* Frameworks */,
			);
			sourceTree = "<group>";
		};
		AC3C7E0224D307BA00B83252 /* Products */ = {
			isa = PBXGroup;
			children = (
				AC3C7E0124D307BA00B83252 /* BookerManager.app */,
			);
			name = Products;
			sourceTree = "<group>";
		};
		AC3C7E0324D307BA00B83252 /* BookerManager */ = {
			isa = PBXGroup;
			children = (
				AC09D56B24E81B5E003D12D6 /* BookerManager.entitlements */,
				AC1749FA250DA99D00FB7702 /* Extensions */,
				AC1749F7250D9C5900FB7702 /* LocalDBServices */,
				AC1749F2250D99A600FB7702 /* NetworkEntities */,
				AC09D56824E816F5003D12D6 /* NetworkServices */,
				ACCB516124DC8A4D0007A400 /* UIServices */,
				AC3C7E2124D3097500B83252 /* DesignSystem */,
				AC3C7E1924D3080800B83252 /* Modules */,
				AC3C7E1824D307F700B83252 /* SupportingFiles */,
				AC12616A24E378770092D627 /* GoogleService-Info.plist */,
			);
			path = BookerManager;
			sourceTree = "<group>";
		};
		AC3C7E1824D307F700B83252 /* SupportingFiles */ = {
			isa = PBXGroup;
			children = (
				AC3C7E0424D307BA00B83252 /* AppDelegate.swift */,
				AC3C7E0624D307BA00B83252 /* SceneDelegate.swift */,
				AC3C7E0D24D307BA00B83252 /* Assets.xcassets */,
				AC3C7E0F24D307BA00B83252 /* LaunchScreen.storyboard */,
				AC3C7E1224D307BA00B83252 /* Info.plist */,
			);
			path = SupportingFiles;
			sourceTree = "<group>";
		};
		AC3C7E1924D3080800B83252 /* Modules */ = {
			isa = PBXGroup;
			children = (
				ACCB515224DC89E60007A400 /* Authorization */,
				AC3C7E1A24D3084000B83252 /* Orders */,
				ACC2CFA724D8F0D400B218FD /* Promotions */,
				AC08245E24DA4665006F0072 /* Settings */,
			);
			path = Modules;
			sourceTree = "<group>";
		};
		AC3C7E1A24D3084000B83252 /* Orders */ = {
			isa = PBXGroup;
			children = (
				AC3C7E1B24D3084E00B83252 /* DefaultOrdersController.swift */,
				AC3C7E1D24D3085A00B83252 /* DefaultOrdersView.swift */,
				AC3C7E1F24D3086400B83252 /* OrdersProtocols.swift */,
				AC3C7E3024D316FF00B83252 /* Entities */,
			);
			path = Orders;
			sourceTree = "<group>";
		};
		AC3C7E2124D3097500B83252 /* DesignSystem */ = {
			isa = PBXGroup;
			children = (
				AC7D336024D91EC700726008 /* Extensions */,
				AC3C7E2424D30ADB00B83252 /* Navigation */,
				ACCE4E1724D36FF5007369A0 /* Views */,
				ACDAE7FC24D932B1007F2535 /* Controllers */,
				AC3C7E2924D3106400B83252 /* Cells */,
				ACCE4E1424D36D32007369A0 /* Alerts */,
				AC3C7E2224D3098000B83252 /* Colors.swift */,
				AC3C7E2C24D3128900B83252 /* Fonts.swift */,
			);
			path = DesignSystem;
			sourceTree = "<group>";
		};
		AC3C7E2424D30ADB00B83252 /* Navigation */ = {
			isa = PBXGroup;
			children = (
				AC3C7E2524D30AF000B83252 /* BMNavigationController.swift */,
				AC3C7E2724D30DFE00B83252 /* BMTabBarController.swift */,
			);
			path = Navigation;
			sourceTree = "<group>";
		};
		AC3C7E2924D3106400B83252 /* Cells */ = {
			isa = PBXGroup;
			children = (
				AC3C7E2A24D3107D00B83252 /* OrderCell.swift */,
				ACC2CFA524D8EF5200B218FD /* PromotionCell.swift */,
			);
			path = Cells;
			sourceTree = "<group>";
		};
		AC3C7E3024D316FF00B83252 /* Entities */ = {
			isa = PBXGroup;
			children = (
				AC3C7E2E24D3165B00B83252 /* OrderItem.swift */,
				AC3C7E3124D3170D00B83252 /* OrderState.swift */,
			);
			path = Entities;
			sourceTree = "<group>";
		};
		AC7D336024D91EC700726008 /* Extensions */ = {
			isa = PBXGroup;
			children = (
				AC7D336124D91ED200726008 /* String+Extensions.swift */,
			);
			path = Extensions;
			sourceTree = "<group>";
		};
		AC9BC19024D9193C0028E68C /* List */ = {
			isa = PBXGroup;
			children = (
				ACC2CFA824D8F0D400B218FD /* DefaultPromotionsListView.swift */,
				ACC2CFA924D8F0D400B218FD /* DefaultPromotionsListController.swift */,
				ACC2CFAA24D8F0D400B218FD /* PromotionsListProtocols.swift */,
				ACC2CFAB24D8F0D400B218FD /* PromotionItem.swift */,
			);
			path = List;
			sourceTree = "<group>";
		};
		AC9BC19124D919470028E68C /* Promotion */ = {
			isa = PBXGroup;
			children = (
				AC9BC19424D919820028E68C /* DefaultNewPromotionView.swift */,
				AC9BC19624D919D80028E68C /* DefaultNewPromotionController.swift */,
				AC9BC19224D919560028E68C /* PromotionProtocols.swift */,
				ACDAE7FA24D9295F007F2535 /* CreatingPromotion.swift */,
			);
			path = Promotion;
			sourceTree = "<group>";
		};
		ACC2CFA724D8F0D400B218FD /* Promotions */ = {
			isa = PBXGroup;
			children = (
				AC9BC19824D91B4D0028E68C /* Promotion.swift */,
				AC9BC19024D9193C0028E68C /* List */,
				AC9BC19124D919470028E68C /* Promotion */,
			);
			path = Promotions;
			sourceTree = "<group>";
		};
		ACCB515224DC89E60007A400 /* Authorization */ = {
			isa = PBXGroup;
			children = (
				ACCB515724DC8A080007A400 /* EnterPhone */,
			);
			path = Authorization;
			sourceTree = "<group>";
		};
		ACCB515724DC8A080007A400 /* EnterPhone */ = {
			isa = PBXGroup;
			children = (
				ACCB515824DC8A080007A400 /* DefaultEnterPhoneController.swift */,
				ACCB515924DC8A080007A400 /* EnterPhoneProtocols.swift */,
				ACCB515A24DC8A080007A400 /* DefaultEnterPhoneView.swift */,
			);
			path = EnterPhone;
			sourceTree = "<group>";
		};
		ACCB516124DC8A4D0007A400 /* UIServices */ = {
			isa = PBXGroup;
			children = (
				ACCB516224DC8A5F0007A400 /* AlertManager.swift */,
			);
			path = UIServices;
			sourceTree = "<group>";
		};
		ACCE4E1424D36D32007369A0 /* Alerts */ = {
			isa = PBXGroup;
			children = (
				ACCB516424DC8AA10007A400 /* SimpleAlertController.swift */,
				ACCE4E1524D36D51007369A0 /* TypeAlertController.swift */,
			);
			path = Alerts;
			sourceTree = "<group>";
		};
		ACCE4E1724D36FF5007369A0 /* Views */ = {
			isa = PBXGroup;
			children = (
				ACCE4E1824D37008007369A0 /* BMButton.swift */,
				AC08246524DA4CE0006F0072 /* SwitchView.swift */,
				AC08246B24DA4EE0006F0072 /* ChevronCellView.swift */,
				AC9BC19A24D91D6B0028E68C /* PhoneTitlableTextField.swift */,
				AC9BC19B24D91D6B0028E68C /* ShadowTitlableTextField.swift */,
				AC9BC19C24D91D6B0028E68C /* TitlableTextField.swift */,
			);
			path = Views;
			sourceTree = "<group>";
		};
		ACDAE7FC24D932B1007F2535 /* Controllers */ = {
			isa = PBXGroup;
			children = (
				ACDAE7FD24D932BE007F2535 /* ImagePicker.swift */,
			);
			path = Controllers;
			sourceTree = "<group>";
		};
/* End PBXGroup section */

/* Begin PBXNativeTarget section */
		AC3C7E0024D307BA00B83252 /* BookerManager */ = {
			isa = PBXNativeTarget;
			buildConfigurationList = AC3C7E1524D307BA00B83252 /* Build configuration list for PBXNativeTarget "BookerManager" */;
			buildPhases = (
				D305A67828D5C077346AA587 /* [CP] Check Pods Manifest.lock */,
				AC3C7DFD24D307BA00B83252 /* Sources */,
				AC3C7DFE24D307BA00B83252 /* Frameworks */,
				AC3C7DFF24D307BA00B83252 /* Resources */,
				DDF643B5E169241468D5E60A /* [CP] Embed Pods Frameworks */,
			);
			buildRules = (
			);
			dependencies = (
			);
			name = BookerManager;
			productName = BookerManager;
			productReference = AC3C7E0124D307BA00B83252 /* BookerManager.app */;
			productType = "com.apple.product-type.application";
		};
/* End PBXNativeTarget section */

/* Begin PBXProject section */
		AC3C7DF924D307BA00B83252 /* Project object */ = {
			isa = PBXProject;
			attributes = {
				LastSwiftUpdateCheck = 1160;
				LastUpgradeCheck = 1160;
				ORGANIZATIONNAME = "Ацамаз Бицоев";
				TargetAttributes = {
					AC3C7E0024D307BA00B83252 = {
						CreatedOnToolsVersion = 11.6;
					};
				};
			};
			buildConfigurationList = AC3C7DFC24D307BA00B83252 /* Build configuration list for PBXProject "BookerManager" */;
			compatibilityVersion = "Xcode 9.3";
			developmentRegion = en;
			hasScannedForEncodings = 0;
			knownRegions = (
				en,
				Base,
			);
			mainGroup = AC3C7DF824D307BA00B83252;
			productRefGroup = AC3C7E0224D307BA00B83252 /* Products */;
			projectDirPath = "";
			projectRoot = "";
			targets = (
				AC3C7E0024D307BA00B83252 /* BookerManager */,
			);
		};
/* End PBXProject section */

/* Begin PBXResourcesBuildPhase section */
		AC3C7DFF24D307BA00B83252 /* Resources */ = {
			isa = PBXResourcesBuildPhase;
			buildActionMask = 2147483647;
			files = (
				AC3C7E1124D307BA00B83252 /* LaunchScreen.storyboard in Resources */,
				AC3C7E0E24D307BA00B83252 /* Assets.xcassets in Resources */,
				AC12616B24E378770092D627 /* GoogleService-Info.plist in Resources */,
			);
			runOnlyForDeploymentPostprocessing = 0;
		};
/* End PBXResourcesBuildPhase section */

/* Begin PBXShellScriptBuildPhase section */
		D305A67828D5C077346AA587 /* [CP] Check Pods Manifest.lock */ = {
			isa = PBXShellScriptBuildPhase;
			buildActionMask = 2147483647;
			files = (
			);
			inputFileListPaths = (
			);
			inputPaths = (
				"${PODS_PODFILE_DIR_PATH}/Podfile.lock",
				"${PODS_ROOT}/Manifest.lock",
			);
			name = "[CP] Check Pods Manifest.lock";
			outputFileListPaths = (
			);
			outputPaths = (
				"$(DERIVED_FILE_DIR)/Pods-BookerManager-checkManifestLockResult.txt",
			);
			runOnlyForDeploymentPostprocessing = 0;
			shellPath = /bin/sh;
			shellScript = "diff \"${PODS_PODFILE_DIR_PATH}/Podfile.lock\" \"${PODS_ROOT}/Manifest.lock\" > /dev/null\nif [ $? != 0 ] ; then\n    # print error to STDERR\n    echo \"error: The sandbox is not in sync with the Podfile.lock. Run 'pod install' or update your CocoaPods installation.\" >&2\n    exit 1\nfi\n# This output is used by Xcode 'outputs' to avoid re-running this script phase.\necho \"SUCCESS\" > \"${SCRIPT_OUTPUT_FILE_0}\"\n";
			showEnvVarsInLog = 0;
		};
		DDF643B5E169241468D5E60A /* [CP] Embed Pods Frameworks */ = {
			isa = PBXShellScriptBuildPhase;
			buildActionMask = 2147483647;
			files = (
			);
			inputFileListPaths = (
				"${PODS_ROOT}/Target Support Files/Pods-BookerManager/Pods-BookerManager-frameworks-${CONFIGURATION}-input-files.xcfilelist",
			);
			name = "[CP] Embed Pods Frameworks";
			outputFileListPaths = (
				"${PODS_ROOT}/Target Support Files/Pods-BookerManager/Pods-BookerManager-frameworks-${CONFIGURATION}-output-files.xcfilelist",
			);
			runOnlyForDeploymentPostprocessing = 0;
			shellPath = /bin/sh;
			shellScript = "\"${PODS_ROOT}/Target Support Files/Pods-BookerManager/Pods-BookerManager-frameworks.sh\"\n";
			showEnvVarsInLog = 0;
		};
/* End PBXShellScriptBuildPhase section */

/* Begin PBXSourcesBuildPhase section */
		AC3C7DFD24D307BA00B83252 /* Sources */ = {
			isa = PBXSourcesBuildPhase;
			buildActionMask = 2147483647;
			files = (
				ACC2CFAC24D8F0D400B218FD /* DefaultPromotionsListView.swift in Sources */,
				AC3C7E0524D307BA00B83252 /* AppDelegate.swift in Sources */,
				AC3C7E2624D30AF000B83252 /* BMNavigationController.swift in Sources */,
				AC9BC19E24D91D6B0028E68C /* ShadowTitlableTextField.swift in Sources */,
				ACCB516524DC8AA10007A400 /* SimpleAlertController.swift in Sources */,
				AC1749FC250DA9AE00FB7702 /* DateExtensions.swift in Sources */,
				ACCE4E1624D36D51007369A0 /* TypeAlertController.swift in Sources */,
				ACC2CFA624D8EF5200B218FD /* PromotionCell.swift in Sources */,
				AC3C7E2824D30DFE00B83252 /* BMTabBarController.swift in Sources */,
				AC3C7E2324D3098000B83252 /* Colors.swift in Sources */,
				AC1749F9250D9C7100FB7702 /* UserInfoService.swift in Sources */,
				AC08246424DA4694006F0072 /* SettingsProtocols.swift in Sources */,
				AC09D56A24E81719003D12D6 /* AuthService.swift in Sources */,
				AC9BC19324D919560028E68C /* PromotionProtocols.swift in Sources */,
				AC3C7E3224D3170D00B83252 /* OrderState.swift in Sources */,
				ACCE4E1924D37008007369A0 /* BMButton.swift in Sources */,
				AC3C7E2B24D3107D00B83252 /* OrderCell.swift in Sources */,
				AC9BC19D24D91D6B0028E68C /* PhoneTitlableTextField.swift in Sources */,
				ACCB516024DC8A080007A400 /* DefaultEnterPhoneView.swift in Sources */,
				AC7D336224D91ED200726008 /* String+Extensions.swift in Sources */,
				AC3C7E2F24D3165B00B83252 /* OrderItem.swift in Sources */,
				ACC2CFAF24D8F0D400B218FD /* PromotionItem.swift in Sources */,
				AC1749F6250D9AF300FB7702 /* OrdersService.swift in Sources */,
				ACC2CFAE24D8F0D400B218FD /* PromotionsListProtocols.swift in Sources */,
				ACDAE7FE24D932BE007F2535 /* ImagePicker.swift in Sources */,
				ACCB515E24DC8A080007A400 /* DefaultEnterPhoneController.swift in Sources */,
				AC08246024DA4684006F0072 /* DefaultSettingsController.swift in Sources */,
				AC9BC19F24D91D6B0028E68C /* TitlableTextField.swift in Sources */,
				AC9BC19524D919820028E68C /* DefaultNewPromotionView.swift in Sources */,
				AC3C7E1E24D3085A00B83252 /* DefaultOrdersView.swift in Sources */,
				AC9BC19724D919D80028E68C /* DefaultNewPromotionController.swift in Sources */,
				AC3C7E2D24D3128900B83252 /* Fonts.swift in Sources */,
				ACDAE7FB24D9295F007F2535 /* CreatingPromotion.swift in Sources */,
				AC9BC19924D91B4D0028E68C /* Promotion.swift in Sources */,
				ACC2CFAD24D8F0D400B218FD /* DefaultPromotionsListController.swift in Sources */,
				ACCB515F24DC8A080007A400 /* EnterPhoneProtocols.swift in Sources */,
				AC3C7E1C24D3084E00B83252 /* DefaultOrdersController.swift in Sources */,
				ACCB516324DC8A5F0007A400 /* AlertManager.swift in Sources */,
				AC08246624DA4CE0006F0072 /* SwitchView.swift in Sources */,
				AC1749F4250D99BE00FB7702 /* Order.swift in Sources */,
				AC3C7E0724D307BA00B83252 /* SceneDelegate.swift in Sources */,
				AC08246224DA468C006F0072 /* DefaultSettingsView.swift in Sources */,
				AC08246C24DA4EE0006F0072 /* ChevronCellView.swift in Sources */,
				AC3C7E2024D3086400B83252 /* OrdersProtocols.swift in Sources */,
			);
			runOnlyForDeploymentPostprocessing = 0;
		};
/* End PBXSourcesBuildPhase section */

/* Begin PBXVariantGroup section */
		AC3C7E0F24D307BA00B83252 /* LaunchScreen.storyboard */ = {
			isa = PBXVariantGroup;
			children = (
				AC3C7E1024D307BA00B83252 /* Base */,
			);
			name = LaunchScreen.storyboard;
			sourceTree = "<group>";
		};
/* End PBXVariantGroup section */

/* Begin XCBuildConfiguration section */
		AC3C7E1324D307BA00B83252 /* Debug */ = {
			isa = XCBuildConfiguration;
			buildSettings = {
				ALWAYS_SEARCH_USER_PATHS = NO;
				CLANG_ANALYZER_NONNULL = YES;
				CLANG_ANALYZER_NUMBER_OBJECT_CONVERSION = YES_AGGRESSIVE;
				CLANG_CXX_LANGUAGE_STANDARD = "gnu++14";
				CLANG_CXX_LIBRARY = "libc++";
				CLANG_ENABLE_MODULES = YES;
				CLANG_ENABLE_OBJC_ARC = YES;
				CLANG_ENABLE_OBJC_WEAK = YES;
				CLANG_WARN_BLOCK_CAPTURE_AUTORELEASING = YES;
				CLANG_WARN_BOOL_CONVERSION = YES;
				CLANG_WARN_COMMA = YES;
				CLANG_WARN_CONSTANT_CONVERSION = YES;
				CLANG_WARN_DEPRECATED_OBJC_IMPLEMENTATIONS = YES;
				CLANG_WARN_DIRECT_OBJC_ISA_USAGE = YES_ERROR;
				CLANG_WARN_DOCUMENTATION_COMMENTS = YES;
				CLANG_WARN_EMPTY_BODY = YES;
				CLANG_WARN_ENUM_CONVERSION = YES;
				CLANG_WARN_INFINITE_RECURSION = YES;
				CLANG_WARN_INT_CONVERSION = YES;
				CLANG_WARN_NON_LITERAL_NULL_CONVERSION = YES;
				CLANG_WARN_OBJC_IMPLICIT_RETAIN_SELF = YES;
				CLANG_WARN_OBJC_LITERAL_CONVERSION = YES;
				CLANG_WARN_OBJC_ROOT_CLASS = YES_ERROR;
				CLANG_WARN_RANGE_LOOP_ANALYSIS = YES;
				CLANG_WARN_STRICT_PROTOTYPES = YES;
				CLANG_WARN_SUSPICIOUS_MOVE = YES;
				CLANG_WARN_UNGUARDED_AVAILABILITY = YES_AGGRESSIVE;
				CLANG_WARN_UNREACHABLE_CODE = YES;
				CLANG_WARN__DUPLICATE_METHOD_MATCH = YES;
				COPY_PHASE_STRIP = NO;
				DEBUG_INFORMATION_FORMAT = dwarf;
				ENABLE_STRICT_OBJC_MSGSEND = YES;
				ENABLE_TESTABILITY = YES;
				GCC_C_LANGUAGE_STANDARD = gnu11;
				GCC_DYNAMIC_NO_PIC = NO;
				GCC_NO_COMMON_BLOCKS = YES;
				GCC_OPTIMIZATION_LEVEL = 0;
				GCC_PREPROCESSOR_DEFINITIONS = (
					"DEBUG=1",
					"$(inherited)",
				);
				GCC_WARN_64_TO_32_BIT_CONVERSION = YES;
				GCC_WARN_ABOUT_RETURN_TYPE = YES_ERROR;
				GCC_WARN_UNDECLARED_SELECTOR = YES;
				GCC_WARN_UNINITIALIZED_AUTOS = YES_AGGRESSIVE;
				GCC_WARN_UNUSED_FUNCTION = YES;
				GCC_WARN_UNUSED_VARIABLE = YES;
				IPHONEOS_DEPLOYMENT_TARGET = 13.6;
				MTL_ENABLE_DEBUG_INFO = INCLUDE_SOURCE;
				MTL_FAST_MATH = YES;
				ONLY_ACTIVE_ARCH = YES;
				SDKROOT = iphoneos;
				SWIFT_ACTIVE_COMPILATION_CONDITIONS = DEBUG;
				SWIFT_OPTIMIZATION_LEVEL = "-Onone";
			};
			name = Debug;
		};
		AC3C7E1424D307BA00B83252 /* Release */ = {
			isa = XCBuildConfiguration;
			buildSettings = {
				ALWAYS_SEARCH_USER_PATHS = NO;
				CLANG_ANALYZER_NONNULL = YES;
				CLANG_ANALYZER_NUMBER_OBJECT_CONVERSION = YES_AGGRESSIVE;
				CLANG_CXX_LANGUAGE_STANDARD = "gnu++14";
				CLANG_CXX_LIBRARY = "libc++";
				CLANG_ENABLE_MODULES = YES;
				CLANG_ENABLE_OBJC_ARC = YES;
				CLANG_ENABLE_OBJC_WEAK = YES;
				CLANG_WARN_BLOCK_CAPTURE_AUTORELEASING = YES;
				CLANG_WARN_BOOL_CONVERSION = YES;
				CLANG_WARN_COMMA = YES;
				CLANG_WARN_CONSTANT_CONVERSION = YES;
				CLANG_WARN_DEPRECATED_OBJC_IMPLEMENTATIONS = YES;
				CLANG_WARN_DIRECT_OBJC_ISA_USAGE = YES_ERROR;
				CLANG_WARN_DOCUMENTATION_COMMENTS = YES;
				CLANG_WARN_EMPTY_BODY = YES;
				CLANG_WARN_ENUM_CONVERSION = YES;
				CLANG_WARN_INFINITE_RECURSION = YES;
				CLANG_WARN_INT_CONVERSION = YES;
				CLANG_WARN_NON_LITERAL_NULL_CONVERSION = YES;
				CLANG_WARN_OBJC_IMPLICIT_RETAIN_SELF = YES;
				CLANG_WARN_OBJC_LITERAL_CONVERSION = YES;
				CLANG_WARN_OBJC_ROOT_CLASS = YES_ERROR;
				CLANG_WARN_RANGE_LOOP_ANALYSIS = YES;
				CLANG_WARN_STRICT_PROTOTYPES = YES;
				CLANG_WARN_SUSPICIOUS_MOVE = YES;
				CLANG_WARN_UNGUARDED_AVAILABILITY = YES_AGGRESSIVE;
				CLANG_WARN_UNREACHABLE_CODE = YES;
				CLANG_WARN__DUPLICATE_METHOD_MATCH = YES;
				COPY_PHASE_STRIP = NO;
				DEBUG_INFORMATION_FORMAT = "dwarf-with-dsym";
				ENABLE_NS_ASSERTIONS = NO;
				ENABLE_STRICT_OBJC_MSGSEND = YES;
				GCC_C_LANGUAGE_STANDARD = gnu11;
				GCC_NO_COMMON_BLOCKS = YES;
				GCC_WARN_64_TO_32_BIT_CONVERSION = YES;
				GCC_WARN_ABOUT_RETURN_TYPE = YES_ERROR;
				GCC_WARN_UNDECLARED_SELECTOR = YES;
				GCC_WARN_UNINITIALIZED_AUTOS = YES_AGGRESSIVE;
				GCC_WARN_UNUSED_FUNCTION = YES;
				GCC_WARN_UNUSED_VARIABLE = YES;
				IPHONEOS_DEPLOYMENT_TARGET = 13.6;
				MTL_ENABLE_DEBUG_INFO = NO;
				MTL_FAST_MATH = YES;
				SDKROOT = iphoneos;
				SWIFT_COMPILATION_MODE = wholemodule;
				SWIFT_OPTIMIZATION_LEVEL = "-O";
				VALIDATE_PRODUCT = YES;
			};
			name = Release;
		};
		AC3C7E1624D307BA00B83252 /* Debug */ = {
			isa = XCBuildConfiguration;
			baseConfigurationReference = A9F49EF67C4AD9791400A875 /* Pods-BookerManager.debug.xcconfig */;
			buildSettings = {
				ASSETCATALOG_COMPILER_APPICON_NAME = AppIcon;
				CODE_SIGN_ENTITLEMENTS = BookerManager/BookerManager.entitlements;
				CODE_SIGN_IDENTITY = "Apple Development";
				CODE_SIGN_STYLE = Automatic;
				DEVELOPMENT_TEAM = 89WB9E7UEU;
				INFOPLIST_FILE = BookerManager/SupportingFiles/Info.plist;
				IPHONEOS_DEPLOYMENT_TARGET = 11.0;
				LD_RUNPATH_SEARCH_PATHS = (
					"$(inherited)",
					"@executable_path/Frameworks",
				);
				PRODUCT_BUNDLE_IDENTIFIER = com.bitsoev.BookerManager;
				PRODUCT_NAME = "$(TARGET_NAME)";
				PROVISIONING_PROFILE_SPECIFIER = "";
				SWIFT_VERSION = 5.0;
				TARGETED_DEVICE_FAMILY = 1;
			};
			name = Debug;
		};
		AC3C7E1724D307BA00B83252 /* Release */ = {
			isa = XCBuildConfiguration;
			baseConfigurationReference = D9CB703FC4705516DE75DFDF /* Pods-BookerManager.release.xcconfig */;
			buildSettings = {
				ASSETCATALOG_COMPILER_APPICON_NAME = AppIcon;
				CODE_SIGN_ENTITLEMENTS = BookerManager/BookerManager.entitlements;
				CODE_SIGN_IDENTITY = "Apple Development";
				CODE_SIGN_STYLE = Automatic;
				DEVELOPMENT_TEAM = 89WB9E7UEU;
				INFOPLIST_FILE = BookerManager/SupportingFiles/Info.plist;
				IPHONEOS_DEPLOYMENT_TARGET = 11.0;
				LD_RUNPATH_SEARCH_PATHS = (
					"$(inherited)",
					"@executable_path/Frameworks",
				);
				PRODUCT_BUNDLE_IDENTIFIER = com.bitsoev.BookerManager;
				PRODUCT_NAME = "$(TARGET_NAME)";
				PROVISIONING_PROFILE_SPECIFIER = "";
				SWIFT_VERSION = 5.0;
				TARGETED_DEVICE_FAMILY = 1;
			};
			name = Release;
		};
/* End XCBuildConfiguration section */

/* Begin XCConfigurationList section */
		AC3C7DFC24D307BA00B83252 /* Build configuration list for PBXProject "BookerManager" */ = {
			isa = XCConfigurationList;
			buildConfigurations = (
				AC3C7E1324D307BA00B83252 /* Debug */,
				AC3C7E1424D307BA00B83252 /* Release */,
			);
			defaultConfigurationIsVisible = 0;
			defaultConfigurationName = Release;
		};
		AC3C7E1524D307BA00B83252 /* Build configuration list for PBXNativeTarget "BookerManager" */ = {
			isa = XCConfigurationList;
			buildConfigurations = (
				AC3C7E1624D307BA00B83252 /* Debug */,
				AC3C7E1724D307BA00B83252 /* Release */,
			);
			defaultConfigurationIsVisible = 0;
			defaultConfigurationName = Release;
		};
/* End XCConfigurationList section */
	};
	rootObject = AC3C7DF924D307BA00B83252 /* Project object */;
}
